github.com/joshua-zingale/ucr-learning-services/internal/confenvflag v0.0.0-20260203192255-8110daaca06b h1:HUwTowl+ea08erzQuGfUS4P/C87xQdqegCCjBZeafI0=
github.com/joshua-zingale/ucr-learning-services/internal/confenvflag v0.0.0-20260203192255-8110daaca06b/go.mod h1:LQ6XlhxR/1UyBxIbBfx87xqRofYSC0SrRNaZ8fkJmUE=
